
Microsoft Visual Studio Solution File, Format Version 12.00
# Visual Studio Version 17
VisualStudioVersion = 17.14.36804.6 d17.14
MinimumVisualStudioVersion = 10.0.40219.1
Project("{FAE04EC0-301F-11D3-BF4B-00C04F79EFBC}") = "Array Fixed-Size Limitation & Performance", "Array Fixed-Size Limitation & Performance.csproj", "{63FFE924-E0A9-44C4-B83D-B1C41ADD7591}"
EndProject
Global
	GlobalSection(SolutionConfigurationPlatforms) = preSolution
		Debug|Any CPU = Debug|Any CPU
		Release|Any CPU = Release|Any CPU
	EndGlobalSection
	GlobalSection(ProjectConfigurationPlatforms) = postSolution
		{63FFE924-E0A9-44C4-B83D-B1C41ADD7591}.Debug|Any CPU.ActiveCfg = Debug|Any CPU
		{63FFE924-E0A9-44C4-B83D-B1C41ADD7591}.Debug|Any CPU.Build.0 = Debug|Any CPU
		{63FFE924-E0A9-44C4-B83D-B1C41ADD7591}.Release|Any CPU.ActiveCfg = Release|Any CPU
		{63FFE924-E0A9-44C4-B83D-B1C41ADD7591}.Release|Any CPU.Build.0 = Release|Any CPU
	EndGlobalSection
	GlobalSection(SolutionProperties) = preSolution
		HideSolutionNode = FALSE
	EndGlobalSection
	GlobalSection(ExtensibilityGlobals) = postSolution
		SolutionGuid = {A14C8901-5A2A-4C0D-AFA0-D07C2214BE66}
	EndGlobalSection
EndGlobal
